// !$*UTF8*$!
{
	archiveVersion = 1;
	classes = {
	};
	objectVersion = 46;
	objects = {

/* Begin PBXBuildFile section */
		760825C71A9E2A5700777F43 /* main.m in Sources */ = {isa = PBXBuildFile; fileRef = 760825C61A9E2A5700777F43 /* main.m */; };
		760825CA1A9E2A5700777F43 /* AppDelegate.m in Sources */ = {isa = PBXBuildFile; fileRef = 760825C91A9E2A5700777F43 /* AppDelegate.m */; };
		760825D01A9E2A5700777F43 /* Main.storyboard in Resources */ = {isa = PBXBuildFile; fileRef = 760825CE1A9E2A5700777F43 /* Main.storyboard */; };
		760825D21A9E2A5700777F43 /* Images.xcassets in Resources */ = {isa = PBXBuildFile; fileRef = 760825D11A9E2A5700777F43 /* Images.xcassets */; };
		760825D51A9E2A5700777F43 /* LaunchScreen.xib in Resources */ = {isa = PBXBuildFile; fileRef = 760825D31A9E2A5700777F43 /* LaunchScreen.xib */; };
		760825E11A9E2A5700777F43 /* ToDoListTests.m in Sources */ = {isa = PBXBuildFile; fileRef = 760825E01A9E2A5700777F43 /* ToDoListTests.m */; };
		7613E6D81A9E9037000E8010 /* AddToDoItemViewController.m in Sources */ = {isa = PBXBuildFile; fileRef = 7613E6D71A9E9037000E8010 /* AddToDoItemViewController.m */; };
		7613E6DB1A9E9158000E8010 /* ToDoListTableViewController.m in Sources */ = {isa = PBXBuildFile; fileRef = 7613E6DA1A9E9158000E8010 /* ToDoListTableViewController.m */; };
		7613E6DE1A9EA7FD000E8010 /* ToDoItem.m in Sources */ = {isa = PBXBuildFile; fileRef = 7613E6DD1A9EA7FD000E8010 /* ToDoItem.m */; };
/* End PBXBuildFile section */

/* Begin PBXContainerItemProxy section */
		760825DB1A9E2A5700777F43 /* PBXContainerItemProxy */ = {
			isa = PBXContainerItemProxy;
			containerPortal = 760825B91A9E2A5700777F43 /* Project object */;
			proxyType = 1;
			remoteGlobalIDString = 760825C01A9E2A5700777F43;
			remoteInfo = ToDoList;
		};
/* End PBXContainerItemProxy section */

/* Begin PBXFileReference section */
		760825C11A9E2A5700777F43 /* ToDoList.app */ = {isa = PBXFileReference; explicitFileType = wrapper.application; includeInIndex = 0; path = ToDoList.app; sourceTree = BUILT_PRODUCTS_DIR; };
		760825C51A9E2A5700777F43 /* Info.plist */ = {isa = PBXFileReference; lastKnownFileType = text.plist.xml; path = Info.plist; sourceTree = "<group>"; };
		760825C61A9E2A5700777F43 /* main.m */ = {isa = PBXFileReference; lastKnownFileType = sourcecode.c.objc; path = main.m; sourceTree = "<group>"; };
		760825C81A9E2A5700777F43 /* AppDelegate.h */ = {isa = PBXFileReference; lastKnownFileType = sourcecode.c.h; path = AppDelegate.h; sourceTree = "<group>"; };
		760825C91A9E2A5700777F43 /* AppDelegate.m */ = {isa = PBXFileReference; lastKnownFileType = sourcecode.c.objc; path = AppDelegate.m; sourceTree = "<group>"; };
		760825CF1A9E2A5700777F43 /* Base */ = {isa = PBXFileReference; lastKnownFileType = file.storyboard; name = Base; path = Base.lproj/Main.storyboard; sourceTree = "<group>"; };
		760825D11A9E2A5700777F43 /* Images.xcassets */ = {isa = PBXFileReference; lastKnownFileType = folder.assetcatalog; path = Images.xcassets; sourceTree = "<group>"; };
		760825D41A9E2A5700777F43 /* Base */ = {isa = PBXFileReference; lastKnownFileType = file.xib; name = Base; path = Base.lproj/LaunchScreen.xib; sourceTree = "<group>"; };
		760825DA1A9E2A5700777F43 /* ToDoListTests.xctest */ = {isa = PBXFileReference; explicitFileType = wrapper.cfbundle; includeInIndex = 0; path = ToDoListTests.xctest; sourceTree = BUILT_PRODUCTS_DIR; };
		760825DF1A9E2A5700777F43 /* Info.plist */ = {isa = PBXFileReference; lastKnownFileType = text.plist.xml; path = Info.plist; sourceTree = "<group>"; };
		760825E01A9E2A5700777F43 /* ToDoListTests.m */ = {isa = PBXFileReference; lastKnownFileType = sourcecode.c.objc; path = ToDoListTests.m; sourceTree = "<group>"; };
		7613E6D61A9E9037000E8010 /* AddToDoItemViewController.h */ = {isa = PBXFileReference; fileEncoding = 4; lastKnownFileType = sourcecode.c.h; path = AddToDoItemViewController.h; sourceTree = "<group>"; };
		7613E6D71A9E9037000E8010 /* AddToDoItemViewController.m */ = {isa = PBXFileReference; fileEncoding = 4; lastKnownFileType = sourcecode.c.objc; path = AddToDoItemViewController.m; sourceTree = "<group>"; };
		7613E6D91A9E9158000E8010 /* ToDoListTableViewController.h */ = {isa = PBXFileReference; fileEncoding = 4; lastKnownFileType = sourcecode.c.h; path = ToDoListTableViewController.h; sourceTree = "<group>"; };
		7613E6DA1A9E9158000E8010 /* ToDoListTableViewController.m */ = {isa = PBXFileReference; fileEncoding = 4; lastKnownFileType = sourcecode.c.objc; path = ToDoListTableViewController.m; sourceTree = "<group>"; };
		7613E6DC1A9EA7FD000E8010 /* ToDoItem.h */ = {isa = PBXFileReference; fileEncoding = 4; lastKnownFileType = sourcecode.c.h; path = ToDoItem.h; sourceTree = "<group>"; };
		7613E6DD1A9EA7FD000E8010 /* ToDoItem.m */ = {isa = PBXFileReference; fileEncoding = 4; lastKnownFileType = sourcecode.c.objc; path = ToDoItem.m; sourceTree = "<group>"; };
/* End PBXFileReference section */

/* Begin PBXFrameworksBuildPhase section */
		760825BE1A9E2A5700777F43 /* Frameworks */ = {
			isa = PBXFrameworksBuildPhase;
			buildActionMask = 2147483647;
			files = (
			);
			runOnlyForDeploymentPostprocessing = 0;
		};
		760825D71A9E2A5700777F43 /* Frameworks */ = {
			isa = PBXFrameworksBuildPhase;
			buildActionMask = 2147483647;
			files = (
			);
			runOnlyForDeploymentPostprocessing = 0;
		};
/* End PBXFrameworksBuildPhase section */

/* Begin PBXGroup section */
		760825B81A9E2A5700777F43 = {
			isa = PBXGroup;
			children = (
				7613E6D61A9E9037000E8010 /* AddToDoItemViewController.h */,
				7613E6D71A9E9037000E8010 /* AddToDoItemViewController.m */,
				760825C31A9E2A5700777F43 /* ToDoList */,
				760825DD1A9E2A5700777F43 /* ToDoListTests */,
				760825C21A9E2A5700777F43 /* Products */,
			);
			sourceTree = "<group>";
		};
		760825C21A9E2A5700777F43 /* Products */ = {
			isa = PBXGroup;
			children = (
				760825C11A9E2A5700777F43 /* ToDoList.app */,
				760825DA1A9E2A5700777F43 /* ToDoListTests.xctest */,
			);
			name = Products;
			sourceTree = "<group>";
		};
		760825C31A9E2A5700777F43 /* ToDoList */ = {
			isa = PBXGroup;
			children = (
				760825C81A9E2A5700777F43 /* AppDelegate.h */,
				760825C91A9E2A5700777F43 /* AppDelegate.m */,
				760825CE1A9E2A5700777F43 /* Main.storyboard */,
				7613E6D91A9E9158000E8010 /* ToDoListTableViewController.h */,
				7613E6DA1A9E9158000E8010 /* ToDoListTableViewController.m */,
				7613E6DC1A9EA7FD000E8010 /* ToDoItem.h */,
				7613E6DD1A9EA7FD000E8010 /* ToDoItem.m */,
				760825D11A9E2A5700777F43 /* Images.xcassets */,
				760825D31A9E2A5700777F43 /* LaunchScreen.xib */,
				760825C41A9E2A5700777F43 /* Supporting Files */,
			);
			path = ToDoList;
			sourceTree = "<group>";
		};
		760825C41A9E2A5700777F43 /* Supporting Files */ = {
			isa = PBXGroup;
			children = (
				760825C51A9E2A5700777F43 /* Info.plist */,
				760825C61A9E2A5700777F43 /* main.m */,
			);
			name = "Supporting Files";
			sourceTree = "<group>";
		};
		760825DD1A9E2A5700777F43 /* ToDoListTests */ = {
			isa = PBXGroup;
			children = (
				760825E01A9E2A5700777F43 /* ToDoListTests.m */,
				760825DE1A9E2A5700777F43 /* Supporting Files */,
			);
			path = ToDoListTests;
			sourceTree = "<group>";
		};
		760825DE1A9E2A5700777F43 /* Supporting Files */ = {
			isa = PBXGroup;
			children = (
				760825DF1A9E2A5700777F43 /* Info.plist */,
			);
			name = "Supporting Files";
			sourceTree = "<group>";
		};
/* End PBXGroup section */

/* Begin PBXNativeTarget section */
		760825C01A9E2A5700777F43 /* ToDoList */ = {
			isa = PBXNativeTarget;
			buildConfigurationList = 760825E41A9E2A5700777F43 /* Build configuration list for PBXNativeTarget "ToDoList" */;
			buildPhases = (
				760825BD1A9E2A5700777F43 /* Sources */,
				760825BE1A9E2A5700777F43 /* Frameworks */,
				760825BF1A9E2A5700777F43 /* Resources */,
			);
			buildRules = (
			);
			dependencies = (
			);
			name = ToDoList;
			productName = ToDoList;
			productReference = 760825C11A9E2A5700777F43 /* ToDoList.app */;
			productType = "com.apple.product-type.application";
		};
		760825D91A9E2A5700777F43 /* ToDoListTests */ = {
			isa = PBXNativeTarget;
			buildConfigurationList = 760825E71A9E2A5700777F43 /* Build configuration list for PBXNativeTarget "ToDoListTests" */;
			buildPhases = (
				760825D61A9E2A5700777F43 /* Sources */,
				760825D71A9E2A5700777F43 /* Frameworks */,
				760825D81A9E2A5700777F43 /* Resources */,
			);
			buildRules = (
			);
			dependencies = (
				760825DC1A9E2A5700777F43 /* PBXTargetDependency */,
			);
			name = ToDoListTests;
			productName = ToDoListTests;
			productReference = 760825DA1A9E2A5700777F43 /* ToDoListTests.xctest */;
			productType = "com.apple.product-type.bundle.unit-test";
		};
/* End PBXNativeTarget section */

/* Begin PBXProject section */
		760825B91A9E2A5700777F43 /* Project object */ = {
			isa = PBXProject;
			attributes = {
				LastUpgradeCheck = 0610;
				ORGANIZATIONNAME = "Scott Dierbeck";
				TargetAttributes = {
					760825C01A9E2A5700777F43 = {
						CreatedOnToolsVersion = 6.1.1;
					};
					760825D91A9E2A5700777F43 = {
						CreatedOnToolsVersion = 6.1.1;
						TestTargetID = 760825C01A9E2A5700777F43;
					};
				};
			};
			buildConfigurationList = 760825BC1A9E2A5700777F43 /* Build configuration list for PBXProject "ToDoList" */;
			compatibilityVersion = "Xcode 3.2";
			developmentRegion = English;
			hasScannedForEncodings = 0;
			knownRegions = (
				en,
				Base,
			);
			mainGroup = 760825B81A9E2A5700777F43;
			productRefGroup = 760825C21A9E2A5700777F43 /* Products */;
			projectDirPath = "";
			projectRoot = "";
			targets = (
				760825C01A9E2A5700777F43 /* ToDoList */,
				760825D91A9E2A5700777F43 /* ToDoListTests */,
			);
		};
/* End PBXProject section */

/* Begin PBXResourcesBuildPhase section */
		760825BF1A9E2A5700777F43 /* Resources */ = {
			isa = PBXResourcesBuildPhase;
			buildActionMask = 2147483647;
			files = (
				760825D01A9E2A5700777F43 /* Main.storyboard in Resources */,
				760825D51A9E2A5700777F43 /* LaunchScreen.xib in Resources */,
				760825D21A9E2A5700777F43 /* Images.xcassets in Resources */,
			);
			runOnlyForDeploymentPostprocessing = 0;
		};
		760825D81A9E2A5700777F43 /* Resources */ = {
			isa = PBXResourcesBuildPhase;
			buildActionMask = 2147483647;
			files = (
			);
			runOnlyForDeploymentPostprocessing = 0;
		};
/* End PBXResourcesBuildPhase section */

/* Begin PBXSourcesBuildPhase section */
		760825BD1A9E2A5700777F43 /* Sources */ = {
			isa = PBXSourcesBuildPhase;
			buildActionMask = 2147483647;
			files = (
				760825CA1A9E2A5700777F43 /* AppDelegate.m in Sources */,
				7613E6DE1A9EA7FD000E8010 /* ToDoItem.m in Sources */,
				7613E6DB1A9E9158000E8010 /* ToDoListTableViewController.m in Sources */,
				760825C71A9E2A5700777F43 /* main.m in Sources */,
				7613E6D81A9E9037000E8010 /* AddToDoItemViewController.m in Sources */,
			);
			runOnlyForDeploymentPostprocessing = 0;
		};
		760825D61A9E2A5700777F43 /* Sources */ = {
			isa = PBXSourcesBuildPhase;
			buildActionMask = 2147483647;
			files = (
				760825E11A9E2A5700777F43 /* ToDoListTests.m in Sources */,
			);
			runOnlyForDeploymentPostprocessing = 0;
		};
/* End PBXSourcesBuildPhase section */

/* Begin PBXTargetDependency section */
		760825DC1A9E2A5700777F43 /* PBXTargetDependency */ = {
			isa = PBXTargetDependency;
			target = 760825C01A9E2A5700777F43 /* ToDoList */;
			targetProxy = 760825DB1A9E2A5700777F43 /* PBXContainerItemProxy */;
		};
/* End PBXTargetDependency section */

/* Begin PBXVariantGroup section */
		760825CE1A9E2A5700777F43 /* Main.storyboard */ = {
			isa = PBXVariantGroup;
			children = (
				760825CF1A9E2A5700777F43 /* Base */,
			);
			name = Main.storyboard;
			sourceTree = "<group>";
		};
		760825D31A9E2A5700777F43 /* LaunchScreen.xib */ = {
			isa = PBXVariantGroup;
			children = (
				760825D41A9E2A5700777F43 /* Base */,
			);
			name = LaunchScreen.xib;
			sourceTree = "<group>";
		};
/* End PBXVariantGroup section */

/* Begin XCBuildConfiguration section */
		760825E21A9E2A5700777F43 /* Debug */ = {
			isa = XCBuildConfiguration;
			buildSettings = {
				ALWAYS_SEARCH_USER_PATHS = NO;
				CLANG_CXX_LANGUAGE_STANDARD = "gnu++0x";
				CLANG_CXX_LIBRARY = "libc++";
				CLANG_ENABLE_MODULES = YES;
				CLANG_ENABLE_OBJC_ARC = YES;
				CLANG_WARN_BOOL_CONVERSION = YES;
				CLANG_WARN_CONSTANT_CONVERSION = YES;
				CLANG_WARN_DIRECT_OBJC_ISA_USAGE = YES_ERROR;
				CLANG_WARN_EMPTY_BODY = YES;
				CLANG_WARN_ENUM_CONVERSION = YES;
				CLANG_WARN_INT_CONVERSION = YES;
				CLANG_WARN_OBJC_ROOT_CLASS = YES_ERROR;
				CLANG_WARN_UNREACHABLE_CODE = YES;
				CLANG_WARN__DUPLICATE_METHOD_MATCH = YES;
				"CODE_SIGN_IDENTITY[sdk=iphoneos*]" = "iPhone Developer";
				COPY_PHASE_STRIP = NO;
				ENABLE_STRICT_OBJC_MSGSEND = YES;
				GCC_C_LANGUAGE_STANDARD = gnu99;
				GCC_DYNAMIC_NO_PIC = NO;
				GCC_OPTIMIZATION_LEVEL = 0;
				GCC_PREPROCESSOR_DEFINITIONS = (
					"DEBUG=1",
					"$(inherited)",
				);
				GCC_SYMBOLS_PRIVATE_EXTERN = NO;
				GCC_WARN_64_TO_32_BIT_CONVERSION = YES;
				GCC_WARN_ABOUT_RETURN_TYPE = YES_ERROR;
				GCC_WARN_UNDECLARED_SELECTOR = YES;
				GCC_WARN_UNINITIALIZED_AUTOS = YES_AGGRESSIVE;
				GCC_WARN_UNUSED_FUNCTION = YES;
				GCC_WARN_UNUSED_VARIABLE = YES;
				IPHONEOS_DEPLOYMENT_TARGET = 8.1;
				MTL_ENABLE_DEBUG_INFO = YES;
				ONLY_ACTIVE_ARCH = YES;
				SDKROOT = iphoneos;
				TARGETED_DEVICE_FAMILY = "1,2";
			};
			name = Debug;
		};
		760825E31A9E2A5700777F43 /* Release */ = {
			isa = XCBuildConfiguration;
			buildSettings = {
				ALWAYS_SEARCH_USER_PATHS = NO;
				CLANG_CXX_LANGUAGE_STANDARD = "gnu++0x";
				CLANG_CXX_LIBRARY = "libc++";
				CLANG_ENABLE_MODULES = YES;
				CLANG_ENABLE_OBJC_ARC = YES;
				CLANG_WARN_BOOL_CONVERSION = YES;
				CLANG_WARN_CONSTANT_CONVERSION = YES;
				CLANG_WARN_DIRECT_OBJC_ISA_USAGE = YES_ERROR;
				CLANG_WARN_EMPTY_BODY = YES;
				CLANG_WARN_ENUM_CONVERSION = YES;
				CLANG_WARN_INT_CONVERSION = YES;
				CLANG_WARN_OBJC_ROOT_CLASS = YES_ERROR;
				CLANG_WARN_UNREACHABLE_CODE = YES;
				CLANG_WARN__DUPLICATE_METHOD_MATCH = YES;
				"CODE_SIGN_IDENTITY[sdk=iphoneos*]" = "iPhone Developer";
				COPY_PHASE_STRIP = YES;
				ENABLE_NS_ASSERTIONS = NO;
				ENABLE_STRICT_OBJC_MSGSEND = YES;
				GCC_C_LANGUAGE_STANDARD = gnu99;
				GCC_WARN_64_TO_32_BIT_CONVERSION = YES;
				GCC_WARN_ABOUT_RETURN_TYPE = YES_ERROR;
				GCC_WARN_UNDECLARED_SELECTOR = YES;
				GCC_WARN_UNINITIALIZED_AUTOS = YES_AGGRESSIVE;
				GCC_WARN_UNUSED_FUNCTION = YES;
				GCC_WARN_UNUSED_VARIABLE = YES;
				IPHONEOS_DEPLOYMENT_TARGET = 8.1;
				MTL_ENABLE_DEBUG_INFO = NO;
				SDKROOT = iphoneos;
				TARGETED_DEVICE_FAMILY = "1,2";
				VALIDATE_PRODUCT = YES;
			};
			name = Release;
		};
		760825E51A9E2A5700777F43 /* Debug */ = {
			isa = XCBuildConfiguration;
			buildSettings = {
				ASSETCATALOG_COMPILER_APPICON_NAME = AppIcon;
				INFOPLIST_FILE = ToDoList/Info.plist;
				LD_RUNPATH_SEARCH_PATHS = "$(inherited) @executable_path/Frameworks";
				PRODUCT_NAME = "$(TARGET_NAME)";
			};
			name = Debug;
		};
		760825E61A9E2A5700777F43 /* Release */ = {
			isa = XCBuildConfiguration;
			buildSettings = {
				ASSETCATALOG_COMPILER_APPICON_NAME = AppIcon;
				INFOPLIST_FILE = ToDoList/Info.plist;
				LD_RUNPATH_SEARCH_PATHS = "$(inherited) @executable_path/Frameworks";
				PRODUCT_NAME = "$(TARGET_NAME)";
			};
			name = Release;
		};
		760825E81A9E2A5700777F43 /* Debug */ = {
			isa = XCBuildConfiguration;
			buildSettings = {
				BUNDLE_LOADER = "$(TEST_HOST)";
				FRAMEWORK_SEARCH_PATHS = (
					"$(SDKROOT)/Developer/Library/Frameworks",
					"$(inherited)",
				);
				GCC_PREPROCESSOR_DEFINITIONS = (
					"DEBUG=1",
					"$(inherited)",
				);
				INFOPLIST_FILE = ToDoListTests/Info.plist;
				LD_RUNPATH_SEARCH_PATHS = "$(inherited) @executable_path/Frameworks @loader_path/Frameworks";
				PRODUCT_NAME = "$(TARGET_NAME)";
				TEST_HOST = "$(BUILT_PRODUCTS_DIR)/ToDoList.app/ToDoList";
			};
			name = Debug;
		};
		760825E91A9E2A5700777F43 /* Release */ = {
			isa = XCBuildConfiguration;
			buildSettings = {
				BUNDLE_LOADER = "$(TEST_HOST)";
				FRAMEWORK_SEARCH_PATHS = (
					"$(SDKROOT)/Developer/Library/Frameworks",
					"$(inherited)",
				);
				INFOPLIST_FILE = ToDoListTests/Info.plist;
				LD_RUNPATH_SEARCH_PATHS = "$(inherited) @executable_path/Frameworks @loader_path/Frameworks";
				PRODUCT_NAME = "$(TARGET_NAME)";
				TEST_HOST = "$(BUILT_PRODUCTS_DIR)/ToDoList.app/ToDoList";
			};
			name = Release;
		};
/* End XCBuildConfiguration section */

/* Begin XCConfigurationList section */
		760825BC1A9E2A5700777F43 /* Build configuration list for PBXProject "ToDoList" */ = {
			isa = XCConfigurationList;
			buildConfigurations = (
				760825E21A9E2A5700777F43 /* Debug */,
				760825E31A9E2A5700777F43 /* Release */,
			);
			defaultConfigurationIsVisible = 0;
			defaultConfigurationName = Release;
		};
		760825E41A9E2A5700777F43 /* Build configuration list for PBXNativeTarget "ToDoList" */ = {
			isa = XCConfigurationList;
			buildConfigurations = (
				760825E51A9E2A5700777F43 /* Debug */,
				760825E61A9E2A5700777F43 /* Release */,
			);
			defaultConfigurationIsVisible = 0;
			defaultConfigurationName = Release;
		};
		760825E71A9E2A5700777F43 /* Build configuration list for PBXNativeTarget "ToDoListTests" */ = {
			isa = XCConfigurationList;
			buildConfigurations = (
				760825E81A9E2A5700777F43 /* Debug */,
				760825E91A9E2A5700777F43 /* Release */,
			);
			defaultConfigurationIsVisible = 0;
			defaultConfigurationName = Release;
		};
/* End XCConfigurationList section */
	};
	rootObject = 760825B91A9E2A5700777F43 /* Project object */;
}
